// !$*UTF8*$!
{
	archiveVersion = 1;
	classes = {
	};
	objectVersion = 56;
	objects = {

/* Begin PBXBuildFile section */
		DCA976BE2A0BF12F00324F73 /* OneWordApp.swift in Sources */ = {isa = PBXBuildFile; fileRef = DCA976BD2A0BF12F00324F73 /* OneWordApp.swift */; };
		DCA976C02A0BF12F00324F73 /* ContentView.swift in Sources */ = {isa = PBXBuildFile; fileRef = DCA976BF2A0BF12F00324F73 /* ContentView.swift */; };
		DCA976C22A0BF13000324F73 /* Assets.xcassets in Resources */ = {isa = PBXBuildFile; fileRef = DCA976C12A0BF13000324F73 /* Assets.xcassets */; };
		DCA976C62A0BF13000324F73 /* Preview Assets.xcassets in Resources */ = {isa = PBXBuildFile; fileRef = DCA976C52A0BF13000324F73 /* Preview Assets.xcassets */; };
		DCA976D32A0BF15400324F73 /* WidgetKit.framework in Frameworks */ = {isa = PBXBuildFile; fileRef = DCA976D22A0BF15400324F73 /* WidgetKit.framework */; };
		DCA976D52A0BF15400324F73 /* SwiftUI.framework in Frameworks */ = {isa = PBXBuildFile; fileRef = DCA976D42A0BF15400324F73 /* SwiftUI.framework */; };
		DCA976D82A0BF15400324F73 /* OneWordWidgetBundle.swift in Sources */ = {isa = PBXBuildFile; fileRef = DCA976D72A0BF15400324F73 /* OneWordWidgetBundle.swift */; };
		DCA976DA2A0BF15400324F73 /* OneWordWidgetLiveActivity.swift in Sources */ = {isa = PBXBuildFile; fileRef = DCA976D92A0BF15400324F73 /* OneWordWidgetLiveActivity.swift */; };
		DCA976DC2A0BF15400324F73 /* OneWordWidget.swift in Sources */ = {isa = PBXBuildFile; fileRef = DCA976DB2A0BF15400324F73 /* OneWordWidget.swift */; };
		DCA976DF2A0BF15400324F73 /* Assets.xcassets in Resources */ = {isa = PBXBuildFile; fileRef = DCA976DE2A0BF15400324F73 /* Assets.xcassets */; };
		DCA976E12A0BF15400324F73 /* OneWordWidget.intentdefinition in Sources */ = {isa = PBXBuildFile; fileRef = DCA976DD2A0BF15400324F73 /* OneWordWidget.intentdefinition */; };
		DCA976E22A0BF15400324F73 /* OneWordWidget.intentdefinition in Sources */ = {isa = PBXBuildFile; fileRef = DCA976DD2A0BF15400324F73 /* OneWordWidget.intentdefinition */; };
		DCA976E52A0BF15400324F73 /* OneWordWidgetExtension.appex in Embed Foundation Extensions */ = {isa = PBXBuildFile; fileRef = DCA976D02A0BF15400324F73 /* OneWordWidgetExtension.appex */; settings = {ATTRIBUTES = (RemoveHeadersOnCopy, ); }; };
/* End PBXBuildFile section */

/* Begin PBXContainerItemProxy section */
		DCA976E32A0BF15400324F73 /* PBXContainerItemProxy */ = {
			isa = PBXContainerItemProxy;
			containerPortal = DCA976B22A0BF12F00324F73 /* Project object */;
			proxyType = 1;
			remoteGlobalIDString = DCA976CF2A0BF15400324F73;
			remoteInfo = OneWordWidgetExtension;
		};
/* End PBXContainerItemProxy section */

/* Begin PBXCopyFilesBuildPhase section */
		DCA976E92A0BF15400324F73 /* Embed Foundation Extensions */ = {
			isa = PBXCopyFilesBuildPhase;
			buildActionMask = 2147483647;
			dstPath = "";
			dstSubfolderSpec = 13;
			files = (
				DCA976E52A0BF15400324F73 /* OneWordWidgetExtension.appex in Embed Foundation Extensions */,
			);
			name = "Embed Foundation Extensions";
			runOnlyForDeploymentPostprocessing = 0;
		};
/* End PBXCopyFilesBuildPhase section */

/* Begin PBXFileReference section */
		DCA976BA2A0BF12F00324F73 /* OneWord.app */ = {isa = PBXFileReference; explicitFileType = wrapper.application; includeInIndex = 0; path = OneWord.app; sourceTree = BUILT_PRODUCTS_DIR; };
		DCA976BD2A0BF12F00324F73 /* OneWordApp.swift */ = {isa = PBXFileReference; lastKnownFileType = sourcecode.swift; path = OneWordApp.swift; sourceTree = "<group>"; };
		DCA976BF2A0BF12F00324F73 /* ContentView.swift */ = {isa = PBXFileReference; lastKnownFileType = sourcecode.swift; path = ContentView.swift; sourceTree = "<group>"; };
		DCA976C12A0BF13000324F73 /* Assets.xcassets */ = {isa = PBXFileReference; lastKnownFileType = folder.assetcatalog; path = Assets.xcassets; sourceTree = "<group>"; };
		DCA976C32A0BF13000324F73 /* OneWord.entitlements */ = {isa = PBXFileReference; lastKnownFileType = text.plist.entitlements; path = OneWord.entitlements; sourceTree = "<group>"; };
		DCA976C52A0BF13000324F73 /* Preview Assets.xcassets */ = {isa = PBXFileReference; lastKnownFileType = folder.assetcatalog; path = "Preview Assets.xcassets"; sourceTree = "<group>"; };
		DCA976D02A0BF15400324F73 /* OneWordWidgetExtension.appex */ = {isa = PBXFileReference; explicitFileType = "wrapper.app-extension"; includeInIndex = 0; path = OneWordWidgetExtension.appex; sourceTree = BUILT_PRODUCTS_DIR; };
		DCA976D22A0BF15400324F73 /* WidgetKit.framework */ = {isa = PBXFileReference; lastKnownFileType = wrapper.framework; name = WidgetKit.framework; path = System/Library/Frameworks/WidgetKit.framework; sourceTree = SDKROOT; };
		DCA976D42A0BF15400324F73 /* SwiftUI.framework */ = {isa = PBXFileReference; lastKnownFileType = wrapper.framework; name = SwiftUI.framework; path = System/Library/Frameworks/SwiftUI.framework; sourceTree = SDKROOT; };
		DCA976D72A0BF15400324F73 /* OneWordWidgetBundle.swift */ = {isa = PBXFileReference; lastKnownFileType = sourcecode.swift; path = OneWordWidgetBundle.swift; sourceTree = "<group>"; };
		DCA976D92A0BF15400324F73 /* OneWordWidgetLiveActivity.swift */ = {isa = PBXFileReference; lastKnownFileType = sourcecode.swift; path = OneWordWidgetLiveActivity.swift; sourceTree = "<group>"; };
		DCA976DB2A0BF15400324F73 /* OneWordWidget.swift */ = {isa = PBXFileReference; lastKnownFileType = sourcecode.swift; path = OneWordWidget.swift; sourceTree = "<group>"; };
		DCA976DD2A0BF15400324F73 /* OneWordWidget.intentdefinition */ = {isa = PBXFileReference; lastKnownFileType = file.intentdefinition; path = OneWordWidget.intentdefinition; sourceTree = "<group>"; };
		DCA976DE2A0BF15400324F73 /* Assets.xcassets */ = {isa = PBXFileReference; lastKnownFileType = folder.assetcatalog; path = Assets.xcassets; sourceTree = "<group>"; };
		DCA976E02A0BF15400324F73 /* Info.plist */ = {isa = PBXFileReference; lastKnownFileType = text.plist.xml; path = Info.plist; sourceTree = "<group>"; };
		DCA976EA2A0BFCA000324F73 /* OneWordWidgetExtension.entitlements */ = {isa = PBXFileReference; lastKnownFileType = text.plist.entitlements; path = OneWordWidgetExtension.entitlements; sourceTree = "<group>"; };
/* End PBXFileReference section */

/* Begin PBXFrameworksBuildPhase section */
		DCA976B72A0BF12F00324F73 /* Frameworks */ = {
			isa = PBXFrameworksBuildPhase;
			buildActionMask = 2147483647;
			files = (
			);
			runOnlyForDeploymentPostprocessing = 0;
		};
		DCA976CD2A0BF15400324F73 /* Frameworks */ = {
			isa = PBXFrameworksBuildPhase;
			buildActionMask = 2147483647;
			files = (
				DCA976D52A0BF15400324F73 /* SwiftUI.framework in Frameworks */,
				DCA976D32A0BF15400324F73 /* WidgetKit.framework in Frameworks */,
			);
			runOnlyForDeploymentPostprocessing = 0;
		};
/* End PBXFrameworksBuildPhase section */

/* Begin PBXGroup section */
		DCA976B12A0BF12F00324F73 = {
			isa = PBXGroup;
			children = (
				DCA976EA2A0BFCA000324F73 /* OneWordWidgetExtension.entitlements */,
				DCA976BC2A0BF12F00324F73 /* OneWord */,
				DCA976D62A0BF15400324F73 /* OneWordWidget */,
				DCA976D12A0BF15400324F73 /* Frameworks */,
				DCA976BB2A0BF12F00324F73 /* Products */,
			);
			sourceTree = "<group>";
		};
		DCA976BB2A0BF12F00324F73 /* Products */ = {
			isa = PBXGroup;
			children = (
				DCA976BA2A0BF12F00324F73 /* OneWord.app */,
				DCA976D02A0BF15400324F73 /* OneWordWidgetExtension.appex */,
			);
			name = Products;
			sourceTree = "<group>";
		};
		DCA976BC2A0BF12F00324F73 /* OneWord */ = {
			isa = PBXGroup;
			children = (
				DCA976BD2A0BF12F00324F73 /* OneWordApp.swift */,
				DCA976BF2A0BF12F00324F73 /* ContentView.swift */,
				DCA976C12A0BF13000324F73 /* Assets.xcassets */,
				DCA976C32A0BF13000324F73 /* OneWord.entitlements */,
				DCA976C42A0BF13000324F73 /* Preview Content */,
			);
			path = OneWord;
			sourceTree = "<group>";
		};
		DCA976C42A0BF13000324F73 /* Preview Content */ = {
			isa = PBXGroup;
			children = (
				DCA976C52A0BF13000324F73 /* Preview Assets.xcassets */,
			);
			path = "Preview Content";
			sourceTree = "<group>";
		};
		DCA976D12A0BF15400324F73 /* Frameworks */ = {
			isa = PBXGroup;
			children = (
				DCA976D22A0BF15400324F73 /* WidgetKit.framework */,
				DCA976D42A0BF15400324F73 /* SwiftUI.framework */,
			);
			name = Frameworks;
			sourceTree = "<group>";
		};
		DCA976D62A0BF15400324F73 /* OneWordWidget */ = {
			isa = PBXGroup;
			children = (
				DCA976D72A0BF15400324F73 /* OneWordWidgetBundle.swift */,
				DCA976D92A0BF15400324F73 /* OneWordWidgetLiveActivity.swift */,
				DCA976DB2A0BF15400324F73 /* OneWordWidget.swift */,
				DCA976DD2A0BF15400324F73 /* OneWordWidget.intentdefinition */,
				DCA976DE2A0BF15400324F73 /* Assets.xcassets */,
				DCA976E02A0BF15400324F73 /* Info.plist */,
			);
			path = OneWordWidget;
			sourceTree = "<group>";
		};
/* End PBXGroup section */

/* Begin PBXNativeTarget section */
		DCA976B92A0BF12F00324F73 /* OneWord */ = {
			isa = PBXNativeTarget;
			buildConfigurationList = DCA976C92A0BF13000324F73 /* Build configuration list for PBXNativeTarget "OneWord" */;
			buildPhases = (
				DCA976B62A0BF12F00324F73 /* Sources */,
				DCA976B72A0BF12F00324F73 /* Frameworks */,
				DCA976B82A0BF12F00324F73 /* Resources */,
				DCA976E92A0BF15400324F73 /* Embed Foundation Extensions */,
			);
			buildRules = (
			);
			dependencies = (
				DCA976E42A0BF15400324F73 /* PBXTargetDependency */,
			);
			name = OneWord;
			productName = OneWord;
			productReference = DCA976BA2A0BF12F00324F73 /* OneWord.app */;
			productType = "com.apple.product-type.application";
		};
		DCA976CF2A0BF15400324F73 /* OneWordWidgetExtension */ = {
			isa = PBXNativeTarget;
			buildConfigurationList = DCA976E62A0BF15400324F73 /* Build configuration list for PBXNativeTarget "OneWordWidgetExtension" */;
			buildPhases = (
				DCA976CC2A0BF15400324F73 /* Sources */,
				DCA976CD2A0BF15400324F73 /* Frameworks */,
				DCA976CE2A0BF15400324F73 /* Resources */,
			);
			buildRules = (
			);
			dependencies = (
			);
			name = OneWordWidgetExtension;
			productName = OneWordWidgetExtension;
			productReference = DCA976D02A0BF15400324F73 /* OneWordWidgetExtension.appex */;
			productType = "com.apple.product-type.app-extension";
		};
/* End PBXNativeTarget section */

/* Begin PBXProject section */
		DCA976B22A0BF12F00324F73 /* Project object */ = {
			isa = PBXProject;
			attributes = {
				BuildIndependentTargetsInParallel = 1;
				LastSwiftUpdateCheck = 1430;
				LastUpgradeCheck = 1430;
				TargetAttributes = {
					DCA976B92A0BF12F00324F73 = {
						CreatedOnToolsVersion = 14.3;
					};
					DCA976CF2A0BF15400324F73 = {
						CreatedOnToolsVersion = 14.3;
					};
				};
			};
			buildConfigurationList = DCA976B52A0BF12F00324F73 /* Build configuration list for PBXProject "OneWord" */;
			compatibilityVersion = "Xcode 14.0";
			developmentRegion = en;
			hasScannedForEncodings = 0;
			knownRegions = (
				en,
				Base,
			);
			mainGroup = DCA976B12A0BF12F00324F73;
			productRefGroup = DCA976BB2A0BF12F00324F73 /* Products */;
			projectDirPath = "";
			projectRoot = "";
			targets = (
				DCA976B92A0BF12F00324F73 /* OneWord */,
				DCA976CF2A0BF15400324F73 /* OneWordWidgetExtension */,
			);
		};
/* End PBXProject section */

/* Begin PBXResourcesBuildPhase section */
		DCA976B82A0BF12F00324F73 /* Resources */ = {
			isa = PBXResourcesBuildPhase;
			buildActionMask = 2147483647;
			files = (
				DCA976C62A0BF13000324F73 /* Preview Assets.xcassets in Resources */,
				DCA976C22A0BF13000324F73 /* Assets.xcassets in Resources */,
			);
			runOnlyForDeploymentPostprocessing = 0;
		};
		DCA976CE2A0BF15400324F73 /* Resources */ = {
			isa = PBXResourcesBuildPhase;
			buildActionMask = 2147483647;
			files = (
				DCA976DF2A0BF15400324F73 /* Assets.xcassets in Resources */,
			);
			runOnlyForDeploymentPostprocessing = 0;
		};
/* End PBXResourcesBuildPhase section */

/* Begin PBXSourcesBuildPhase section */
		DCA976B62A0BF12F00324F73 /* Sources */ = {
			isa = PBXSourcesBuildPhase;
			buildActionMask = 2147483647;
			files = (
				DCA976C02A0BF12F00324F73 /* ContentView.swift in Sources */,
				DCA976BE2A0BF12F00324F73 /* OneWordApp.swift in Sources */,
				DCA976E22A0BF15400324F73 /* OneWordWidget.intentdefinition in Sources */,
			);
			runOnlyForDeploymentPostprocessing = 0;
		};
		DCA976CC2A0BF15400324F73 /* Sources */ = {
			isa = PBXSourcesBuildPhase;
			buildActionMask = 2147483647;
			files = (
				DCA976D82A0BF15400324F73 /* OneWordWidgetBundle.swift in Sources */,
				DCA976E12A0BF15400324F73 /* OneWordWidget.intentdefinition in Sources */,
				DCA976DC2A0BF15400324F73 /* OneWordWidget.swift in Sources */,
				DCA976DA2A0BF15400324F73 /* OneWordWidgetLiveActivity.swift in Sources */,
			);
			runOnlyForDeploymentPostprocessing = 0;
		};
/* End PBXSourcesBuildPhase section */

/* Begin PBXTargetDependency section */
		DCA976E42A0BF15400324F73 /* PBXTargetDependency */ = {
			isa = PBXTargetDependency;
			target = DCA976CF2A0BF15400324F73 /* OneWordWidgetExtension */;
			targetProxy = DCA976E32A0BF15400324F73 /* PBXContainerItemProxy */;
		};
/* End PBXTargetDependency section */

/* Begin XCBuildConfiguration section */
		DCA976C72A0BF13000324F73 /* Debug */ = {
			isa = XCBuildConfiguration;
			buildSettings = {
				ALWAYS_SEARCH_USER_PATHS = NO;
				CLANG_ANALYZER_NONNULL = YES;
				CLANG_ANALYZER_NUMBER_OBJECT_CONVERSION = YES_AGGRESSIVE;
				CLANG_CXX_LANGUAGE_STANDARD = "gnu++20";
				CLANG_ENABLE_MODULES = YES;
				CLANG_ENABLE_OBJC_ARC = YES;
				CLANG_ENABLE_OBJC_WEAK = YES;
				CLANG_WARN_BLOCK_CAPTURE_AUTORELEASING = YES;
				CLANG_WARN_BOOL_CONVERSION = YES;
				CLANG_WARN_COMMA = YES;
				CLANG_WARN_CONSTANT_CONVERSION = YES;
				CLANG_WARN_DEPRECATED_OBJC_IMPLEMENTATIONS = YES;
				CLANG_WARN_DIRECT_OBJC_ISA_USAGE = YES_ERROR;
				CLANG_WARN_DOCUMENTATION_COMMENTS = YES;
				CLANG_WARN_EMPTY_BODY = YES;
				CLANG_WARN_ENUM_CONVERSION = YES;
				CLANG_WARN_INFINITE_RECURSION = YES;
				CLANG_WARN_INT_CONVERSION = YES;
				CLANG_WARN_NON_LITERAL_NULL_CONVERSION = YES;
				CLANG_WARN_OBJC_IMPLICIT_RETAIN_SELF = YES;
				CLANG_WARN_OBJC_LITERAL_CONVERSION = YES;
				CLANG_WARN_OBJC_ROOT_CLASS = YES_ERROR;
				CLANG_WARN_QUOTED_INCLUDE_IN_FRAMEWORK_HEADER = YES;
				CLANG_WARN_RANGE_LOOP_ANALYSIS = YES;
				CLANG_WARN_STRICT_PROTOTYPES = YES;
				CLANG_WARN_SUSPICIOUS_MOVE = YES;
				CLANG_WARN_UNGUARDED_AVAILABILITY = YES_AGGRESSIVE;
				CLANG_WARN_UNREACHABLE_CODE = YES;
				CLANG_WARN__DUPLICATE_METHOD_MATCH = YES;
				COPY_PHASE_STRIP = NO;
				DEBUG_INFORMATION_FORMAT = dwarf;
				ENABLE_STRICT_OBJC_MSGSEND = YES;
				ENABLE_TESTABILITY = YES;
				GCC_C_LANGUAGE_STANDARD = gnu11;
				GCC_DYNAMIC_NO_PIC = NO;
				GCC_NO_COMMON_BLOCKS = YES;
				GCC_OPTIMIZATION_LEVEL = 0;
				GCC_PREPROCESSOR_DEFINITIONS = (
					"DEBUG=1",
					"$(inherited)",
				);
				GCC_WARN_64_TO_32_BIT_CONVERSION = YES;
				GCC_WARN_ABOUT_RETURN_TYPE = YES_ERROR;
				GCC_WARN_UNDECLARED_SELECTOR = YES;
				GCC_WARN_UNINITIALIZED_AUTOS = YES_AGGRESSIVE;
				GCC_WARN_UNUSED_FUNCTION = YES;
				GCC_WARN_UNUSED_VARIABLE = YES;
				MTL_ENABLE_DEBUG_INFO = INCLUDE_SOURCE;
				MTL_FAST_MATH = YES;
				ONLY_ACTIVE_ARCH = YES;
				SWIFT_ACTIVE_COMPILATION_CONDITIONS = DEBUG;
				SWIFT_OPTIMIZATION_LEVEL = "-Onone";
			};
			name = Debug;
		};
		DCA976C82A0BF13000324F73 /* Release */ = {
			isa = XCBuildConfiguration;
			buildSettings = {
				ALWAYS_SEARCH_USER_PATHS = NO;
				CLANG_ANALYZER_NONNULL = YES;
				CLANG_ANALYZER_NUMBER_OBJECT_CONVERSION = YES_AGGRESSIVE;
				CLANG_CXX_LANGUAGE_STANDARD = "gnu++20";
				CLANG_ENABLE_MODULES = YES;
				CLANG_ENABLE_OBJC_ARC = YES;
				CLANG_ENABLE_OBJC_WEAK = YES;
				CLANG_WARN_BLOCK_CAPTURE_AUTORELEASING = YES;
				CLANG_WARN_BOOL_CONVERSION = YES;
				CLANG_WARN_COMMA = YES;
				CLANG_WARN_CONSTANT_CONVERSION = YES;
				CLANG_WARN_DEPRECATED_OBJC_IMPLEMENTATIONS = YES;
				CLANG_WARN_DIRECT_OBJC_ISA_USAGE = YES_ERROR;
				CLANG_WARN_DOCUMENTATION_COMMENTS = YES;
				CLANG_WARN_EMPTY_BODY = YES;
				CLANG_WARN_ENUM_CONVERSION = YES;
				CLANG_WARN_INFINITE_RECURSION = YES;
				CLANG_WARN_INT_CONVERSION = YES;
				CLANG_WARN_NON_LITERAL_NULL_CONVERSION = YES;
				CLANG_WARN_OBJC_IMPLICIT_RETAIN_SELF = YES;
				CLANG_WARN_OBJC_LITERAL_CONVERSION = YES;
				CLANG_WARN_OBJC_ROOT_CLASS = YES_ERROR;
				CLANG_WARN_QUOTED_INCLUDE_IN_FRAMEWORK_HEADER = YES;
				CLANG_WARN_RANGE_LOOP_ANALYSIS = YES;
				CLANG_WARN_STRICT_PROTOTYPES = YES;
				CLANG_WARN_SUSPICIOUS_MOVE = YES;
				CLANG_WARN_UNGUARDED_AVAILABILITY = YES_AGGRESSIVE;
				CLANG_WARN_UNREACHABLE_CODE = YES;
				CLANG_WARN__DUPLICATE_METHOD_MATCH = YES;
				COPY_PHASE_STRIP = NO;
				DEBUG_INFORMATION_FORMAT = "dwarf-with-dsym";
				ENABLE_NS_ASSERTIONS = NO;
				ENABLE_STRICT_OBJC_MSGSEND = YES;
				GCC_C_LANGUAGE_STANDARD = gnu11;
				GCC_NO_COMMON_BLOCKS = YES;
				GCC_WARN_64_TO_32_BIT_CONVERSION = YES;
				GCC_WARN_ABOUT_RETURN_TYPE = YES_ERROR;
				GCC_WARN_UNDECLARED_SELECTOR = YES;
				GCC_WARN_UNINITIALIZED_AUTOS = YES_AGGRESSIVE;
				GCC_WARN_UNUSED_FUNCTION = YES;
				GCC_WARN_UNUSED_VARIABLE = YES;
				MTL_ENABLE_DEBUG_INFO = NO;
				MTL_FAST_MATH = YES;
				SWIFT_COMPILATION_MODE = wholemodule;
				SWIFT_OPTIMIZATION_LEVEL = "-O";
			};
			name = Release;
		};
		DCA976CA2A0BF13000324F73 /* Debug */ = {
			isa = XCBuildConfiguration;
			buildSettings = {
				ALWAYS_EMBED_SWIFT_STANDARD_LIBRARIES = YES;
				ASSETCATALOG_COMPILER_APPICON_NAME = AppIcon;
				ASSETCATALOG_COMPILER_GLOBAL_ACCENT_COLOR_NAME = AccentColor;
				CODE_SIGN_ENTITLEMENTS = OneWord/OneWord.entitlements;
				CODE_SIGN_STYLE = Automatic;
				CURRENT_PROJECT_VERSION = 1;
				DEVELOPMENT_ASSET_PATHS = "\"OneWord/Preview Content\"";
				DEVELOPMENT_TEAM = 7VK544DU3W;
				ENABLE_HARDENED_RUNTIME = YES;
				ENABLE_PREVIEWS = YES;
				GENERATE_INFOPLIST_FILE = YES;
				"INFOPLIST_KEY_UIApplicationSceneManifest_Generation[sdk=iphoneos*]" = YES;
				"INFOPLIST_KEY_UIApplicationSceneManifest_Generation[sdk=iphonesimulator*]" = YES;
				"INFOPLIST_KEY_UIApplicationSupportsIndirectInputEvents[sdk=iphoneos*]" = YES;
				"INFOPLIST_KEY_UIApplicationSupportsIndirectInputEvents[sdk=iphonesimulator*]" = YES;
				"INFOPLIST_KEY_UILaunchScreen_Generation[sdk=iphoneos*]" = YES;
				"INFOPLIST_KEY_UILaunchScreen_Generation[sdk=iphonesimulator*]" = YES;
				"INFOPLIST_KEY_UIStatusBarStyle[sdk=iphoneos*]" = UIStatusBarStyleDefault;
				"INFOPLIST_KEY_UIStatusBarStyle[sdk=iphonesimulator*]" = UIStatusBarStyleDefault;
				INFOPLIST_KEY_UISupportedInterfaceOrientations_iPad = "UIInterfaceOrientationPortrait UIInterfaceOrientationPortraitUpsideDown UIInterfaceOrientationLandscapeLeft UIInterfaceOrientationLandscapeRight";
				INFOPLIST_KEY_UISupportedInterfaceOrientations_iPhone = "UIInterfaceOrientationPortrait UIInterfaceOrientationLandscapeLeft UIInterfaceOrientationLandscapeRight";
				IPHONEOS_DEPLOYMENT_TARGET = 16.4;
				LD_RUNPATH_SEARCH_PATHS = "@executable_path/Frameworks";
				"LD_RUNPATH_SEARCH_PATHS[sdk=macosx*]" = "@executable_path/../Frameworks";
				MACOSX_DEPLOYMENT_TARGET = 13.3;
				MARKETING_VERSION = 1.0;
				PRODUCT_BUNDLE_IDENTIFIER = lzw.OneWord;
				PRODUCT_NAME = "$(TARGET_NAME)";
				SDKROOT = auto;
				SUPPORTED_PLATFORMS = "iphoneos iphonesimulator";
				SUPPORTS_MACCATALYST = NO;
				SUPPORTS_MAC_DESIGNED_FOR_IPHONE_IPAD = NO;
				SWIFT_EMIT_LOC_STRINGS = YES;
				SWIFT_VERSION = 5.0;
				TARGETED_DEVICE_FAMILY = 1;
			};
			name = Debug;
		};
		DCA976CB2A0BF13000324F73 /* Release */ = {
			isa = XCBuildConfiguration;
			buildSettings = {
				ALWAYS_EMBED_SWIFT_STANDARD_LIBRARIES = YES;
				ASSETCATALOG_COMPILER_APPICON_NAME = AppIcon;
				ASSETCATALOG_COMPILER_GLOBAL_ACCENT_COLOR_NAME = AccentColor;
				CODE_SIGN_ENTITLEMENTS = OneWord/OneWord.entitlements;
				CODE_SIGN_STYLE = Automatic;
				CURRENT_PROJECT_VERSION = 1;
				DEVELOPMENT_ASSET_PATHS = "\"OneWord/Preview Content\"";
				DEVELOPMENT_TEAM = 7VK544DU3W;
				ENABLE_HARDENED_RUNTIME = YES;
				ENABLE_PREVIEWS = YES;
				GENERATE_INFOPLIST_FILE = YES;
				"INFOPLIST_KEY_UIApplicationSceneManifest_Generation[sdk=iphoneos*]" = YES;
				"INFOPLIST_KEY_UIApplicationSceneManifest_Generation[sdk=iphonesimulator*]" = YES;
				"INFOPLIST_KEY_UIApplicationSupportsIndirectInputEvents[sdk=iphoneos*]" = YES;
				"INFOPLIST_KEY_UIApplicationSupportsIndirectInputEvents[sdk=iphonesimulator*]" = YES;
				"INFOPLIST_KEY_UILaunchScreen_Generation[sdk=iphoneos*]" = YES;
				"INFOPLIST_KEY_UILaunchScreen_Generation[sdk=iphonesimulator*]" = YES;
				"INFOPLIST_KEY_UIStatusBarStyle[sdk=iphoneos*]" = UIStatusBarStyleDefault;
				"INFOPLIST_KEY_UIStatusBarStyle[sdk=iphonesimulator*]" = UIStatusBarStyleDefault;
				INFOPLIST_KEY_UISupportedInterfaceOrientations_iPad = "UIInterfaceOrientationPortrait UIInterfaceOrientationPortraitUpsideDown UIInterfaceOrientationLandscapeLeft UIInterfaceOrientationLandscapeRight";
				INFOPLIST_KEY_UISupportedInterfaceOrientations_iPhone = "UIInterfaceOrientationPortrait UIInterfaceOrientationLandscapeLeft UIInterfaceOrientationLandscapeRight";
				IPHONEOS_DEPLOYMENT_TARGET = 16.4;
				LD_RUNPATH_SEARCH_PATHS = "@executable_path/Frameworks";
				"LD_RUNPATH_SEARCH_PATHS[sdk=macosx*]" = "@executable_path/../Frameworks";
				MACOSX_DEPLOYMENT_TARGET = 13.3;
				MARKETING_VERSION = 1.0;
				PRODUCT_BUNDLE_IDENTIFIER = lzw.OneWord;
				PRODUCT_NAME = "$(TARGET_NAME)";
				SDKROOT = auto;
				SUPPORTED_PLATFORMS = "iphoneos iphonesimulator";
				SUPPORTS_MACCATALYST = NO;
				SUPPORTS_MAC_DESIGNED_FOR_IPHONE_IPAD = NO;
				SWIFT_EMIT_LOC_STRINGS = YES;
				SWIFT_VERSION = 5.0;
				TARGETED_DEVICE_FAMILY = 1;
			};
			name = Release;
		};
		DCA976E72A0BF15400324F73 /* Debug */ = {
			isa = XCBuildConfiguration;
			buildSettings = {
				ASSETCATALOG_COMPILER_GLOBAL_ACCENT_COLOR_NAME = AccentColor;
				ASSETCATALOG_COMPILER_WIDGET_BACKGROUND_COLOR_NAME = WidgetBackground;
				CODE_SIGN_ENTITLEMENTS = OneWordWidgetExtension.entitlements;
				CODE_SIGN_STYLE = Automatic;
				CURRENT_PROJECT_VERSION = 1;
				DEVELOPMENT_TEAM = 7VK544DU3W;
				GENERATE_INFOPLIST_FILE = YES;
				INFOPLIST_FILE = OneWordWidget/Info.plist;
				INFOPLIST_KEY_CFBundleDisplayName = OneWordWidget;
				INFOPLIST_KEY_NSHumanReadableCopyright = "";
				IPHONEOS_DEPLOYMENT_TARGET = 16.4;
				LD_RUNPATH_SEARCH_PATHS = (
					"$(inherited)",
					"@executable_path/Frameworks",
					"@executable_path/../../Frameworks",
				);
				MARKETING_VERSION = 1.0;
				PRODUCT_BUNDLE_IDENTIFIER = lzw.OneWord.OneWordWidget;
				PRODUCT_NAME = "$(TARGET_NAME)";
				SDKROOT = iphoneos;
				SKIP_INSTALL = YES;
				SWIFT_EMIT_LOC_STRINGS = YES;
				SWIFT_VERSION = 5.0;
				TARGETED_DEVICE_FAMILY = "1,2";
			};
			name = Debug;
		};
		DCA976E82A0BF15400324F73 /* Release */ = {
			isa = XCBuildConfiguration;
			buildSettings = {
				ASSETCATALOG_COMPILER_GLOBAL_ACCENT_COLOR_NAME = AccentColor;
				ASSETCATALOG_COMPILER_WIDGET_BACKGROUND_COLOR_NAME = WidgetBackground;
				CODE_SIGN_ENTITLEMENTS = OneWordWidgetExtension.entitlements;
				CODE_SIGN_STYLE = Automatic;
				CURRENT_PROJECT_VERSION = 1;
				DEVELOPMENT_TEAM = 7VK544DU3W;
				GENERATE_INFOPLIST_FILE = YES;
				INFOPLIST_FILE = OneWordWidget/Info.plist;
				INFOPLIST_KEY_CFBundleDisplayName = OneWordWidget;
				INFOPLIST_KEY_NSHumanReadableCopyright = "";
				IPHONEOS_DEPLOYMENT_TARGET = 16.4;
				LD_RUNPATH_SEARCH_PATHS = (
					"$(inherited)",
					"@executable_path/Frameworks",
					"@executable_path/../../Frameworks",
				);
				MARKETING_VERSION = 1.0;
				PRODUCT_BUNDLE_IDENTIFIER = lzw.OneWord.OneWordWidget;
				PRODUCT_NAME = "$(TARGET_NAME)";
				SDKROOT = iphoneos;
				SKIP_INSTALL = YES;
				SWIFT_EMIT_LOC_STRINGS = YES;
				SWIFT_VERSION = 5.0;
				TARGETED_DEVICE_FAMILY = "1,2";
				VALIDATE_PRODUCT = YES;
			};
			name = Release;
		};
/* End XCBuildConfiguration section */

/* Begin XCConfigurationList section */
		DCA976B52A0BF12F00324F73 /* Build configuration list for PBXProject "OneWord" */ = {
			isa = XCConfigurationList;
			buildConfigurations = (
				DCA976C72A0BF13000324F73 /* Debug */,
				DCA976C82A0BF13000324F73 /* Release */,
			);
			defaultConfigurationIsVisible = 0;
			defaultConfigurationName = Release;
		};
		DCA976C92A0BF13000324F73 /* Build configuration list for PBXNativeTarget "OneWord" */ = {
			isa = XCConfigurationList;
			buildConfigurations = (
				DCA976CA2A0BF13000324F73 /* Debug */,
				DCA976CB2A0BF13000324F73 /* Release */,
			);
			defaultConfigurationIsVisible = 0;
			defaultConfigurationName = Release;
		};
		DCA976E62A0BF15400324F73 /* Build configuration list for PBXNativeTarget "OneWordWidgetExtension" */ = {
			isa = XCConfigurationList;
			buildConfigurations = (
				DCA976E72A0BF15400324F73 /* Debug */,
				DCA976E82A0BF15400324F73 /* Release */,
			);
			defaultConfigurationIsVisible = 0;
			defaultConfigurationName = Release;
		};
/* End XCConfigurationList section */
	};
	rootObject = DCA976B22A0BF12F00324F73 /* Project object */;
}
