// !$*UTF8*$!
{
	archiveVersion = 1;
	classes = {
	};
	objectVersion = 55;
	objects = {

/* Begin PBXBuildFile section */
		DC1BD7A12879639100865076 /* LogoView.swift in Sources */ = {isa = PBXBuildFile; fileRef = DC1BD7A02879639100865076 /* LogoView.swift */; };
		DC1BD7A3287985ED00865076 /* ImagePickerView.swift in Sources */ = {isa = PBXBuildFile; fileRef = DC1BD7A2287985ED00865076 /* ImagePickerView.swift */; };
		DC6DD88828716A8600E7458A /* ColourAtlaApp.swift in Sources */ = {isa = PBXBuildFile; fileRef = DC6DD88728716A8600E7458A /* ColourAtlaApp.swift */; };
		DC6DD88C28716A8C00E7458A /* Assets.xcassets in Resources */ = {isa = PBXBuildFile; fileRef = DC6DD88B28716A8C00E7458A /* Assets.xcassets */; };
		DC6DD88F28716A8C00E7458A /* Preview Assets.xcassets in Resources */ = {isa = PBXBuildFile; fileRef = DC6DD88E28716A8C00E7458A /* Preview Assets.xcassets */; };
		DC6DD89628716D7100E7458A /* ColorHexString.swift in Sources */ = {isa = PBXBuildFile; fileRef = DC6DD89528716D7100E7458A /* ColorHexString.swift */; };
		DCADD1C42877F1730036CC68 /* CardView.swift in Sources */ = {isa = PBXBuildFile; fileRef = DCADD1C32877F1730036CC68 /* CardView.swift */; };
		DCADD1C72877F1C90036CC68 /* Constants.swift in Sources */ = {isa = PBXBuildFile; fileRef = DCADD1C62877F1C90036CC68 /* Constants.swift */; };
		DCADD1C92877F1EF0036CC68 /* ColorArray.swift in Sources */ = {isa = PBXBuildFile; fileRef = DCADD1C82877F1EF0036CC68 /* ColorArray.swift */; };
		DCADD1CB2877F2210036CC68 /* GradientModel.swift in Sources */ = {isa = PBXBuildFile; fileRef = DCADD1CA2877F2210036CC68 /* GradientModel.swift */; };
		DCADD1CD2877F23A0036CC68 /* GradientView.swift in Sources */ = {isa = PBXBuildFile; fileRef = DCADD1CC2877F23A0036CC68 /* GradientView.swift */; };
		DCADD1CF2877F2700036CC68 /* ClearTextButton.swift in Sources */ = {isa = PBXBuildFile; fileRef = DCADD1CE2877F2700036CC68 /* ClearTextButton.swift */; };
		DCADD1D12877F2990036CC68 /* RefreshModel.swift in Sources */ = {isa = PBXBuildFile; fileRef = DCADD1D02877F2990036CC68 /* RefreshModel.swift */; };
		DCADD1D32877F99E0036CC68 /* PrivacyPolicyView.swift in Sources */ = {isa = PBXBuildFile; fileRef = DCADD1D22877F99E0036CC68 /* PrivacyPolicyView.swift */; };
		DCADD1D52877F9B80036CC68 /* UserAgreementView.swift in Sources */ = {isa = PBXBuildFile; fileRef = DCADD1D42877F9B70036CC68 /* UserAgreementView.swift */; };
		DCADD1D72877F9CD0036CC68 /* AboutView.swift in Sources */ = {isa = PBXBuildFile; fileRef = DCADD1D62877F9CD0036CC68 /* AboutView.swift */; };
		DCADD1D92877FA0F0036CC68 /* GoToAppStore.swift in Sources */ = {isa = PBXBuildFile; fileRef = DCADD1D82877FA0F0036CC68 /* GoToAppStore.swift */; };
		DCADD1DB2877FA840036CC68 /* ToastViewModifier.swift in Sources */ = {isa = PBXBuildFile; fileRef = DCADD1DA2877FA840036CC68 /* ToastViewModifier.swift */; };
		DCADD1DD2877FB460036CC68 /* MailCompose.swift in Sources */ = {isa = PBXBuildFile; fileRef = DCADD1DC2877FB460036CC68 /* MailCompose.swift */; };
		DCCE579728774606004270DD /* TabberView.swift in Sources */ = {isa = PBXBuildFile; fileRef = DCCE579628774606004270DD /* TabberView.swift */; };
		DCCE57992877489D004270DD /* MineView.swift in Sources */ = {isa = PBXBuildFile; fileRef = DCCE57982877489D004270DD /* MineView.swift */; };
		DCCE579B2877D2C6004270DD /* LoadingView.swift in Sources */ = {isa = PBXBuildFile; fileRef = DCCE579A2877D2C6004270DD /* LoadingView.swift */; };
		DCE7E1C72873D19E00076D48 /* CardModel.swift in Sources */ = {isa = PBXBuildFile; fileRef = DCE7E1C62873D19E00076D48 /* CardModel.swift */; };
/* End PBXBuildFile section */

/* Begin PBXFileReference section */
		DC1BD7A02879639100865076 /* LogoView.swift */ = {isa = PBXFileReference; lastKnownFileType = sourcecode.swift; path = LogoView.swift; sourceTree = "<group>"; };
		DC1BD7A2287985ED00865076 /* ImagePickerView.swift */ = {isa = PBXFileReference; lastKnownFileType = sourcecode.swift; path = ImagePickerView.swift; sourceTree = "<group>"; };
		DC6DD88428716A8600E7458A /* ColourAtla.app */ = {isa = PBXFileReference; explicitFileType = wrapper.application; includeInIndex = 0; path = ColourAtla.app; sourceTree = BUILT_PRODUCTS_DIR; };
		DC6DD88728716A8600E7458A /* ColourAtlaApp.swift */ = {isa = PBXFileReference; lastKnownFileType = sourcecode.swift; path = ColourAtlaApp.swift; sourceTree = "<group>"; };
		DC6DD88B28716A8C00E7458A /* Assets.xcassets */ = {isa = PBXFileReference; lastKnownFileType = folder.assetcatalog; path = Assets.xcassets; sourceTree = "<group>"; };
		DC6DD88E28716A8C00E7458A /* Preview Assets.xcassets */ = {isa = PBXFileReference; lastKnownFileType = folder.assetcatalog; path = "Preview Assets.xcassets"; sourceTree = "<group>"; };
		DC6DD89528716D7100E7458A /* ColorHexString.swift */ = {isa = PBXFileReference; lastKnownFileType = sourcecode.swift; path = ColorHexString.swift; sourceTree = "<group>"; };
		DCADD1C32877F1730036CC68 /* CardView.swift */ = {isa = PBXFileReference; lastKnownFileType = sourcecode.swift; path = CardView.swift; sourceTree = "<group>"; };
		DCADD1C62877F1C90036CC68 /* Constants.swift */ = {isa = PBXFileReference; lastKnownFileType = sourcecode.swift; path = Constants.swift; sourceTree = "<group>"; };
		DCADD1C82877F1EF0036CC68 /* ColorArray.swift */ = {isa = PBXFileReference; lastKnownFileType = sourcecode.swift; path = ColorArray.swift; sourceTree = "<group>"; };
		DCADD1CA2877F2210036CC68 /* GradientModel.swift */ = {isa = PBXFileReference; lastKnownFileType = sourcecode.swift; path = GradientModel.swift; sourceTree = "<group>"; };
		DCADD1CC2877F23A0036CC68 /* GradientView.swift */ = {isa = PBXFileReference; lastKnownFileType = sourcecode.swift; path = GradientView.swift; sourceTree = "<group>"; };
		DCADD1CE2877F2700036CC68 /* ClearTextButton.swift */ = {isa = PBXFileReference; lastKnownFileType = sourcecode.swift; path = ClearTextButton.swift; sourceTree = "<group>"; };
		DCADD1D02877F2990036CC68 /* RefreshModel.swift */ = {isa = PBXFileReference; lastKnownFileType = sourcecode.swift; path = RefreshModel.swift; sourceTree = "<group>"; };
		DCADD1D22877F99E0036CC68 /* PrivacyPolicyView.swift */ = {isa = PBXFileReference; lastKnownFileType = sourcecode.swift; path = PrivacyPolicyView.swift; sourceTree = "<group>"; };
		DCADD1D42877F9B70036CC68 /* UserAgreementView.swift */ = {isa = PBXFileReference; lastKnownFileType = sourcecode.swift; path = UserAgreementView.swift; sourceTree = "<group>"; };
		DCADD1D62877F9CD0036CC68 /* AboutView.swift */ = {isa = PBXFileReference; lastKnownFileType = sourcecode.swift; path = AboutView.swift; sourceTree = "<group>"; };
		DCADD1D82877FA0F0036CC68 /* GoToAppStore.swift */ = {isa = PBXFileReference; lastKnownFileType = sourcecode.swift; path = GoToAppStore.swift; sourceTree = "<group>"; };
		DCADD1DA2877FA840036CC68 /* ToastViewModifier.swift */ = {isa = PBXFileReference; lastKnownFileType = sourcecode.swift; path = ToastViewModifier.swift; sourceTree = "<group>"; };
		DCADD1DC2877FB460036CC68 /* MailCompose.swift */ = {isa = PBXFileReference; lastKnownFileType = sourcecode.swift; path = MailCompose.swift; sourceTree = "<group>"; };
		DCCE579628774606004270DD /* TabberView.swift */ = {isa = PBXFileReference; lastKnownFileType = sourcecode.swift; path = TabberView.swift; sourceTree = "<group>"; };
		DCCE57982877489D004270DD /* MineView.swift */ = {isa = PBXFileReference; lastKnownFileType = sourcecode.swift; path = MineView.swift; sourceTree = "<group>"; };
		DCCE579A2877D2C6004270DD /* LoadingView.swift */ = {isa = PBXFileReference; lastKnownFileType = sourcecode.swift; path = LoadingView.swift; sourceTree = "<group>"; };
		DCE7E1C62873D19E00076D48 /* CardModel.swift */ = {isa = PBXFileReference; lastKnownFileType = sourcecode.swift; path = CardModel.swift; sourceTree = "<group>"; };
/* End PBXFileReference section */

/* Begin PBXFrameworksBuildPhase section */
		DC6DD88128716A8600E7458A /* Frameworks */ = {
			isa = PBXFrameworksBuildPhase;
			buildActionMask = 2147483647;
			files = (
			);
			runOnlyForDeploymentPostprocessing = 0;
		};
/* End PBXFrameworksBuildPhase section */

/* Begin PBXGroup section */
		DC6DD87B28716A8500E7458A = {
			isa = PBXGroup;
			children = (
				DC6DD88628716A8600E7458A /* ColourAtla */,
				DC6DD88528716A8600E7458A /* Products */,
			);
			sourceTree = "<group>";
		};
		DC6DD88528716A8600E7458A /* Products */ = {
			isa = PBXGroup;
			children = (
				DC6DD88428716A8600E7458A /* ColourAtla.app */,
			);
			name = Products;
			sourceTree = "<group>";
		};
		DC6DD88628716A8600E7458A /* ColourAtla */ = {
			isa = PBXGroup;
			children = (
				DC6DD88728716A8600E7458A /* ColourAtlaApp.swift */,
				DCADD1C22877F0F40036CC68 /* Extension */,
				DCADD1C52877F1BA0036CC68 /* Constants */,
				DCADD1BF2877F0CA0036CC68 /* Utils */,
				DCADD1C02877F0D50036CC68 /* Model */,
				DCADD1C12877F0DF0036CC68 /* View */,
				DC6DD88B28716A8C00E7458A /* Assets.xcassets */,
				DC6DD88D28716A8C00E7458A /* Preview Content */,
			);
			path = ColourAtla;
			sourceTree = "<group>";
		};
		DC6DD88D28716A8C00E7458A /* Preview Content */ = {
			isa = PBXGroup;
			children = (
				DC6DD88E28716A8C00E7458A /* Preview Assets.xcassets */,
			);
			path = "Preview Content";
			sourceTree = "<group>";
		};
		DCADD1BF2877F0CA0036CC68 /* Utils */ = {
			isa = PBXGroup;
			children = (
				DCCE579A2877D2C6004270DD /* LoadingView.swift */,
				DCADD1DC2877FB460036CC68 /* MailCompose.swift */,
				DCADD1D82877FA0F0036CC68 /* GoToAppStore.swift */,
				DCADD1C82877F1EF0036CC68 /* ColorArray.swift */,
				DCADD1CE2877F2700036CC68 /* ClearTextButton.swift */,
				DCADD1DA2877FA840036CC68 /* ToastViewModifier.swift */,
				DC1BD7A2287985ED00865076 /* ImagePickerView.swift */,
			);
			path = Utils;
			sourceTree = "<group>";
		};
		DCADD1C02877F0D50036CC68 /* Model */ = {
			isa = PBXGroup;
			children = (
				DCE7E1C62873D19E00076D48 /* CardModel.swift */,
				DCADD1CA2877F2210036CC68 /* GradientModel.swift */,
				DCADD1D02877F2990036CC68 /* RefreshModel.swift */,
			);
			path = Model;
			sourceTree = "<group>";
		};
		DCADD1C12877F0DF0036CC68 /* View */ = {
			isa = PBXGroup;
			children = (
				DCCE579628774606004270DD /* TabberView.swift */,
				DCADD1C32877F1730036CC68 /* CardView.swift */,
				DCADD1CC2877F23A0036CC68 /* GradientView.swift */,
				DC1BD7A02879639100865076 /* LogoView.swift */,
				DCCE57982877489D004270DD /* MineView.swift */,
				DCADD1D22877F99E0036CC68 /* PrivacyPolicyView.swift */,
				DCADD1D42877F9B70036CC68 /* UserAgreementView.swift */,
				DCADD1D62877F9CD0036CC68 /* AboutView.swift */,
			);
			path = View;
			sourceTree = "<group>";
		};
		DCADD1C22877F0F40036CC68 /* Extension */ = {
			isa = PBXGroup;
			children = (
				DC6DD89528716D7100E7458A /* ColorHexString.swift */,
			);
			path = Extension;
			sourceTree = "<group>";
		};
		DCADD1C52877F1BA0036CC68 /* Constants */ = {
			isa = PBXGroup;
			children = (
				DCADD1C62877F1C90036CC68 /* Constants.swift */,
			);
			path = Constants;
			sourceTree = "<group>";
		};
/* End PBXGroup section */

/* Begin PBXNativeTarget section */
		DC6DD88328716A8600E7458A /* ColourAtla */ = {
			isa = PBXNativeTarget;
			buildConfigurationList = DC6DD89228716A8C00E7458A /* Build configuration list for PBXNativeTarget "ColourAtla" */;
			buildPhases = (
				DC6DD88028716A8600E7458A /* Sources */,
				DC6DD88128716A8600E7458A /* Frameworks */,
				DC6DD88228716A8600E7458A /* Resources */,
			);
			buildRules = (
			);
			dependencies = (
			);
			name = ColourAtla;
			productName = ColourAtla;
			productReference = DC6DD88428716A8600E7458A /* ColourAtla.app */;
			productType = "com.apple.product-type.application";
		};
/* End PBXNativeTarget section */

/* Begin PBXProject section */
		DC6DD87C28716A8500E7458A /* Project object */ = {
			isa = PBXProject;
			attributes = {
				BuildIndependentTargetsInParallel = 1;
				LastSwiftUpdateCheck = 1340;
				LastUpgradeCheck = 1340;
				TargetAttributes = {
					DC6DD88328716A8600E7458A = {
						CreatedOnToolsVersion = 13.4.1;
					};
				};
			};
			buildConfigurationList = DC6DD87F28716A8500E7458A /* Build configuration list for PBXProject "ColourAtla" */;
			compatibilityVersion = "Xcode 13.0";
			developmentRegion = en;
			hasScannedForEncodings = 0;
			knownRegions = (
				en,
				Base,
			);
			mainGroup = DC6DD87B28716A8500E7458A;
			productRefGroup = DC6DD88528716A8600E7458A /* Products */;
			projectDirPath = "";
			projectRoot = "";
			targets = (
				DC6DD88328716A8600E7458A /* ColourAtla */,
			);
		};
/* End PBXProject section */

/* Begin PBXResourcesBuildPhase section */
		DC6DD88228716A8600E7458A /* Resources */ = {
			isa = PBXResourcesBuildPhase;
			buildActionMask = 2147483647;
			files = (
				DC6DD88F28716A8C00E7458A /* Preview Assets.xcassets in Resources */,
				DC6DD88C28716A8C00E7458A /* Assets.xcassets in Resources */,
			);
			runOnlyForDeploymentPostprocessing = 0;
		};
/* End PBXResourcesBuildPhase section */

/* Begin PBXSourcesBuildPhase section */
		DC6DD88028716A8600E7458A /* Sources */ = {
			isa = PBXSourcesBuildPhase;
			buildActionMask = 2147483647;
			files = (
				DCADD1D72877F9CD0036CC68 /* AboutView.swift in Sources */,
				DCADD1D92877FA0F0036CC68 /* GoToAppStore.swift in Sources */,
				DCCE579728774606004270DD /* TabberView.swift in Sources */,
				DCADD1D32877F99E0036CC68 /* PrivacyPolicyView.swift in Sources */,
				DC1BD7A3287985ED00865076 /* ImagePickerView.swift in Sources */,
				DCCE57992877489D004270DD /* MineView.swift in Sources */,
				DC1BD7A12879639100865076 /* LogoView.swift in Sources */,
				DCADD1DB2877FA840036CC68 /* ToastViewModifier.swift in Sources */,
				DCADD1CD2877F23A0036CC68 /* GradientView.swift in Sources */,
				DC6DD89628716D7100E7458A /* ColorHexString.swift in Sources */,
				DC6DD88828716A8600E7458A /* ColourAtlaApp.swift in Sources */,
				DCADD1DD2877FB460036CC68 /* MailCompose.swift in Sources */,
				DCCE579B2877D2C6004270DD /* LoadingView.swift in Sources */,
				DCADD1C42877F1730036CC68 /* CardView.swift in Sources */,
				DCADD1C92877F1EF0036CC68 /* ColorArray.swift in Sources */,
				DCADD1CF2877F2700036CC68 /* ClearTextButton.swift in Sources */,
				DCADD1D52877F9B80036CC68 /* UserAgreementView.swift in Sources */,
				DCADD1D12877F2990036CC68 /* RefreshModel.swift in Sources */,
				DCE7E1C72873D19E00076D48 /* CardModel.swift in Sources */,
				DCADD1C72877F1C90036CC68 /* Constants.swift in Sources */,
				DCADD1CB2877F2210036CC68 /* GradientModel.swift in Sources */,
			);
			runOnlyForDeploymentPostprocessing = 0;
		};
/* End PBXSourcesBuildPhase section */

/* Begin XCBuildConfiguration section */
		DC6DD89028716A8C00E7458A /* Debug */ = {
			isa = XCBuildConfiguration;
			buildSettings = {
				ALWAYS_SEARCH_USER_PATHS = NO;
				CLANG_ANALYZER_NONNULL = YES;
				CLANG_ANALYZER_NUMBER_OBJECT_CONVERSION = YES_AGGRESSIVE;
				CLANG_CXX_LANGUAGE_STANDARD = "gnu++17";
				CLANG_ENABLE_MODULES = YES;
				CLANG_ENABLE_OBJC_ARC = YES;
				CLANG_ENABLE_OBJC_WEAK = YES;
				CLANG_WARN_BLOCK_CAPTURE_AUTORELEASING = YES;
				CLANG_WARN_BOOL_CONVERSION = YES;
				CLANG_WARN_COMMA = YES;
				CLANG_WARN_CONSTANT_CONVERSION = YES;
				CLANG_WARN_DEPRECATED_OBJC_IMPLEMENTATIONS = YES;
				CLANG_WARN_DIRECT_OBJC_ISA_USAGE = YES_ERROR;
				CLANG_WARN_DOCUMENTATION_COMMENTS = YES;
				CLANG_WARN_EMPTY_BODY = YES;
				CLANG_WARN_ENUM_CONVERSION = YES;
				CLANG_WARN_INFINITE_RECURSION = YES;
				CLANG_WARN_INT_CONVERSION = YES;
				CLANG_WARN_NON_LITERAL_NULL_CONVERSION = YES;
				CLANG_WARN_OBJC_IMPLICIT_RETAIN_SELF = YES;
				CLANG_WARN_OBJC_LITERAL_CONVERSION = YES;
				CLANG_WARN_OBJC_ROOT_CLASS = YES_ERROR;
				CLANG_WARN_QUOTED_INCLUDE_IN_FRAMEWORK_HEADER = YES;
				CLANG_WARN_RANGE_LOOP_ANALYSIS = YES;
				CLANG_WARN_STRICT_PROTOTYPES = YES;
				CLANG_WARN_SUSPICIOUS_MOVE = YES;
				CLANG_WARN_UNGUARDED_AVAILABILITY = YES_AGGRESSIVE;
				CLANG_WARN_UNREACHABLE_CODE = YES;
				CLANG_WARN__DUPLICATE_METHOD_MATCH = YES;
				COPY_PHASE_STRIP = NO;
				DEBUG_INFORMATION_FORMAT = dwarf;
				ENABLE_STRICT_OBJC_MSGSEND = YES;
				ENABLE_TESTABILITY = YES;
				GCC_C_LANGUAGE_STANDARD = gnu11;
				GCC_DYNAMIC_NO_PIC = NO;
				GCC_NO_COMMON_BLOCKS = YES;
				GCC_OPTIMIZATION_LEVEL = 0;
				GCC_PREPROCESSOR_DEFINITIONS = (
					"DEBUG=1",
					"$(inherited)",
				);
				GCC_WARN_64_TO_32_BIT_CONVERSION = YES;
				GCC_WARN_ABOUT_RETURN_TYPE = YES_ERROR;
				GCC_WARN_UNDECLARED_SELECTOR = YES;
				GCC_WARN_UNINITIALIZED_AUTOS = YES_AGGRESSIVE;
				GCC_WARN_UNUSED_FUNCTION = YES;
				GCC_WARN_UNUSED_VARIABLE = YES;
				IPHONEOS_DEPLOYMENT_TARGET = 15.5;
				MTL_ENABLE_DEBUG_INFO = INCLUDE_SOURCE;
				MTL_FAST_MATH = YES;
				ONLY_ACTIVE_ARCH = YES;
				SDKROOT = iphoneos;
				SWIFT_ACTIVE_COMPILATION_CONDITIONS = DEBUG;
				SWIFT_OPTIMIZATION_LEVEL = "-Onone";
			};
			name = Debug;
		};
		DC6DD89128716A8C00E7458A /* Release */ = {
			isa = XCBuildConfiguration;
			buildSettings = {
				ALWAYS_SEARCH_USER_PATHS = NO;
				CLANG_ANALYZER_NONNULL = YES;
				CLANG_ANALYZER_NUMBER_OBJECT_CONVERSION = YES_AGGRESSIVE;
				CLANG_CXX_LANGUAGE_STANDARD = "gnu++17";
				CLANG_ENABLE_MODULES = YES;
				CLANG_ENABLE_OBJC_ARC = YES;
				CLANG_ENABLE_OBJC_WEAK = YES;
				CLANG_WARN_BLOCK_CAPTURE_AUTORELEASING = YES;
				CLANG_WARN_BOOL_CONVERSION = YES;
				CLANG_WARN_COMMA = YES;
				CLANG_WARN_CONSTANT_CONVERSION = YES;
				CLANG_WARN_DEPRECATED_OBJC_IMPLEMENTATIONS = YES;
				CLANG_WARN_DIRECT_OBJC_ISA_USAGE = YES_ERROR;
				CLANG_WARN_DOCUMENTATION_COMMENTS = YES;
				CLANG_WARN_EMPTY_BODY = YES;
				CLANG_WARN_ENUM_CONVERSION = YES;
				CLANG_WARN_INFINITE_RECURSION = YES;
				CLANG_WARN_INT_CONVERSION = YES;
				CLANG_WARN_NON_LITERAL_NULL_CONVERSION = YES;
				CLANG_WARN_OBJC_IMPLICIT_RETAIN_SELF = YES;
				CLANG_WARN_OBJC_LITERAL_CONVERSION = YES;
				CLANG_WARN_OBJC_ROOT_CLASS = YES_ERROR;
				CLANG_WARN_QUOTED_INCLUDE_IN_FRAMEWORK_HEADER = YES;
				CLANG_WARN_RANGE_LOOP_ANALYSIS = YES;
				CLANG_WARN_STRICT_PROTOTYPES = YES;
				CLANG_WARN_SUSPICIOUS_MOVE = YES;
				CLANG_WARN_UNGUARDED_AVAILABILITY = YES_AGGRESSIVE;
				CLANG_WARN_UNREACHABLE_CODE = YES;
				CLANG_WARN__DUPLICATE_METHOD_MATCH = YES;
				COPY_PHASE_STRIP = NO;
				DEBUG_INFORMATION_FORMAT = "dwarf-with-dsym";
				ENABLE_NS_ASSERTIONS = NO;
				ENABLE_STRICT_OBJC_MSGSEND = YES;
				GCC_C_LANGUAGE_STANDARD = gnu11;
				GCC_NO_COMMON_BLOCKS = YES;
				GCC_WARN_64_TO_32_BIT_CONVERSION = YES;
				GCC_WARN_ABOUT_RETURN_TYPE = YES_ERROR;
				GCC_WARN_UNDECLARED_SELECTOR = YES;
				GCC_WARN_UNINITIALIZED_AUTOS = YES_AGGRESSIVE;
				GCC_WARN_UNUSED_FUNCTION = YES;
				GCC_WARN_UNUSED_VARIABLE = YES;
				IPHONEOS_DEPLOYMENT_TARGET = 15.5;
				MTL_ENABLE_DEBUG_INFO = NO;
				MTL_FAST_MATH = YES;
				SDKROOT = iphoneos;
				SWIFT_COMPILATION_MODE = wholemodule;
				SWIFT_OPTIMIZATION_LEVEL = "-O";
				VALIDATE_PRODUCT = YES;
			};
			name = Release;
		};
		DC6DD89328716A8C00E7458A /* Debug */ = {
			isa = XCBuildConfiguration;
			buildSettings = {
				ASSETCATALOG_COMPILER_APPICON_NAME = AppIcon;
				ASSETCATALOG_COMPILER_GLOBAL_ACCENT_COLOR_NAME = AccentColor;
				CODE_SIGN_STYLE = Automatic;
				CURRENT_PROJECT_VERSION = 1;
				DEVELOPMENT_ASSET_PATHS = "\"ColourAtla/Preview Content\"";
				DEVELOPMENT_TEAM = 4PZ47YW6F8;
				ENABLE_PREVIEWS = YES;
				GENERATE_INFOPLIST_FILE = YES;
				INFOPLIST_KEY_UIApplicationSceneManifest_Generation = YES;
				INFOPLIST_KEY_UIApplicationSupportsIndirectInputEvents = YES;
				INFOPLIST_KEY_UILaunchScreen_Generation = YES;
				INFOPLIST_KEY_UISupportedInterfaceOrientations_iPad = "UIInterfaceOrientationPortrait UIInterfaceOrientationPortraitUpsideDown UIInterfaceOrientationLandscapeLeft UIInterfaceOrientationLandscapeRight";
				INFOPLIST_KEY_UISupportedInterfaceOrientations_iPhone = "UIInterfaceOrientationPortrait UIInterfaceOrientationLandscapeLeft UIInterfaceOrientationLandscapeRight";
				LD_RUNPATH_SEARCH_PATHS = (
					"$(inherited)",
					"@executable_path/Frameworks",
				);
				MARKETING_VERSION = 1.0;
				PRODUCT_BUNDLE_IDENTIFIER = lzw.ColourAtla;
				PRODUCT_NAME = "$(TARGET_NAME)";
				SWIFT_EMIT_LOC_STRINGS = YES;
				SWIFT_VERSION = 5.0;
				TARGETED_DEVICE_FAMILY = "1,2";
			};
			name = Debug;
		};
		DC6DD89428716A8C00E7458A /* Release */ = {
			isa = XCBuildConfiguration;
			buildSettings = {
				ASSETCATALOG_COMPILER_APPICON_NAME = AppIcon;
				ASSETCATALOG_COMPILER_GLOBAL_ACCENT_COLOR_NAME = AccentColor;
				CODE_SIGN_STYLE = Automatic;
				CURRENT_PROJECT_VERSION = 1;
				DEVELOPMENT_ASSET_PATHS = "\"ColourAtla/Preview Content\"";
				DEVELOPMENT_TEAM = 4PZ47YW6F8;
				ENABLE_PREVIEWS = YES;
				GENERATE_INFOPLIST_FILE = YES;
				INFOPLIST_KEY_UIApplicationSceneManifest_Generation = YES;
				INFOPLIST_KEY_UIApplicationSupportsIndirectInputEvents = YES;
				INFOPLIST_KEY_UILaunchScreen_Generation = YES;
				INFOPLIST_KEY_UISupportedInterfaceOrientations_iPad = "UIInterfaceOrientationPortrait UIInterfaceOrientationPortraitUpsideDown UIInterfaceOrientationLandscapeLeft UIInterfaceOrientationLandscapeRight";
				INFOPLIST_KEY_UISupportedInterfaceOrientations_iPhone = "UIInterfaceOrientationPortrait UIInterfaceOrientationLandscapeLeft UIInterfaceOrientationLandscapeRight";
				LD_RUNPATH_SEARCH_PATHS = (
					"$(inherited)",
					"@executable_path/Frameworks",
				);
				MARKETING_VERSION = 1.0;
				PRODUCT_BUNDLE_IDENTIFIER = lzw.ColourAtla;
				PRODUCT_NAME = "$(TARGET_NAME)";
				SWIFT_EMIT_LOC_STRINGS = YES;
				SWIFT_VERSION = 5.0;
				TARGETED_DEVICE_FAMILY = "1,2";
			};
			name = Release;
		};
/* End XCBuildConfiguration section */

/* Begin XCConfigurationList section */
		DC6DD87F28716A8500E7458A /* Build configuration list for PBXProject "ColourAtla" */ = {
			isa = XCConfigurationList;
			buildConfigurations = (
				DC6DD89028716A8C00E7458A /* Debug */,
				DC6DD89128716A8C00E7458A /* Release */,
			);
			defaultConfigurationIsVisible = 0;
			defaultConfigurationName = Release;
		};
		DC6DD89228716A8C00E7458A /* Build configuration list for PBXNativeTarget "ColourAtla" */ = {
			isa = XCConfigurationList;
			buildConfigurations = (
				DC6DD89328716A8C00E7458A /* Debug */,
				DC6DD89428716A8C00E7458A /* Release */,
			);
			defaultConfigurationIsVisible = 0;
			defaultConfigurationName = Release;
		};
/* End XCConfigurationList section */
	};
	rootObject = DC6DD87C28716A8500E7458A /* Project object */;
}
