// !$*UTF8*$!
{
	archiveVersion = 1;
	classes = {
	};
	objectVersion = 56;
	objects = {

/* Begin PBXBuildFile section */
		DC628D082A9C8D370058D178 /* Chapter11App.swift in Sources */ = {isa = PBXBuildFile; fileRef = DC628D072A9C8D370058D178 /* Chapter11App.swift */; };
		DC628D0A2A9C8D370058D178 /* ContentView.swift in Sources */ = {isa = PBXBuildFile; fileRef = DC628D092A9C8D370058D178 /* ContentView.swift */; };
		DC628D0C2A9C8D380058D178 /* Assets.xcassets in Resources */ = {isa = PBXBuildFile; fileRef = DC628D0B2A9C8D380058D178 /* Assets.xcassets */; };
		DC628D102A9C8D380058D178 /* Preview Assets.xcassets in Resources */ = {isa = PBXBuildFile; fileRef = DC628D0F2A9C8D380058D178 /* Preview Assets.xcassets */; };
		DC628D172A9C8DE90058D178 /* SwiftUIForm2.swift in Sources */ = {isa = PBXBuildFile; fileRef = DC628D162A9C8DE90058D178 /* SwiftUIForm2.swift */; };
		DC628D192A9C8EA00058D178 /* SwiftUIForm3.swift in Sources */ = {isa = PBXBuildFile; fileRef = DC628D182A9C8EA00058D178 /* SwiftUIForm3.swift */; };
		DC628D1B2A9C8EBB0058D178 /* SwiftUIForm4.swift in Sources */ = {isa = PBXBuildFile; fileRef = DC628D1A2A9C8EBB0058D178 /* SwiftUIForm4.swift */; };
		DC628D1D2A9C8F7C0058D178 /* SwiftUIForm5.swift in Sources */ = {isa = PBXBuildFile; fileRef = DC628D1C2A9C8F7C0058D178 /* SwiftUIForm5.swift */; };
		DC628D1F2A9C8FD00058D178 /* SwiftUIForm.swift in Sources */ = {isa = PBXBuildFile; fileRef = DC628D1E2A9C8FD00058D178 /* SwiftUIForm.swift */; };
		DC628D232A9C90190058D178 /* SwiftUIPickerView.swift in Sources */ = {isa = PBXBuildFile; fileRef = DC628D222A9C90190058D178 /* SwiftUIPickerView.swift */; };
		DC628D252A9C90DA0058D178 /* SwiftUIStepperView.swift in Sources */ = {isa = PBXBuildFile; fileRef = DC628D242A9C90DA0058D178 /* SwiftUIStepperView.swift */; };
		DC628D272A9C918D0058D178 /* ColorCardView.swift in Sources */ = {isa = PBXBuildFile; fileRef = DC628D262A9C918D0058D178 /* ColorCardView.swift */; };
		DC628D292A9C92970058D178 /* SwiftUISliderView.swift in Sources */ = {isa = PBXBuildFile; fileRef = DC628D282A9C92970058D178 /* SwiftUISliderView.swift */; };
		DC628D2C2A9C930D0058D178 /* ColorToString.swift in Sources */ = {isa = PBXBuildFile; fileRef = DC628D2B2A9C930D0058D178 /* ColorToString.swift */; };
		DC628D2E2A9C93800058D178 /* SwiftUIColorPickerView.swift in Sources */ = {isa = PBXBuildFile; fileRef = DC628D2D2A9C93800058D178 /* SwiftUIColorPickerView.swift */; };
/* End PBXBuildFile section */

/* Begin PBXFileReference section */
		DC628D042A9C8D370058D178 /* Chapter11.app */ = {isa = PBXFileReference; explicitFileType = wrapper.application; includeInIndex = 0; path = Chapter11.app; sourceTree = BUILT_PRODUCTS_DIR; };
		DC628D072A9C8D370058D178 /* Chapter11App.swift */ = {isa = PBXFileReference; lastKnownFileType = sourcecode.swift; path = Chapter11App.swift; sourceTree = "<group>"; };
		DC628D092A9C8D370058D178 /* ContentView.swift */ = {isa = PBXFileReference; lastKnownFileType = sourcecode.swift; path = ContentView.swift; sourceTree = "<group>"; };
		DC628D0B2A9C8D380058D178 /* Assets.xcassets */ = {isa = PBXFileReference; lastKnownFileType = folder.assetcatalog; path = Assets.xcassets; sourceTree = "<group>"; };
		DC628D0D2A9C8D380058D178 /* Chapter11.entitlements */ = {isa = PBXFileReference; lastKnownFileType = text.plist.entitlements; path = Chapter11.entitlements; sourceTree = "<group>"; };
		DC628D0F2A9C8D380058D178 /* Preview Assets.xcassets */ = {isa = PBXFileReference; lastKnownFileType = folder.assetcatalog; path = "Preview Assets.xcassets"; sourceTree = "<group>"; };
		DC628D162A9C8DE90058D178 /* SwiftUIForm2.swift */ = {isa = PBXFileReference; lastKnownFileType = sourcecode.swift; path = SwiftUIForm2.swift; sourceTree = "<group>"; };
		DC628D182A9C8EA00058D178 /* SwiftUIForm3.swift */ = {isa = PBXFileReference; lastKnownFileType = sourcecode.swift; path = SwiftUIForm3.swift; sourceTree = "<group>"; };
		DC628D1A2A9C8EBB0058D178 /* SwiftUIForm4.swift */ = {isa = PBXFileReference; lastKnownFileType = sourcecode.swift; path = SwiftUIForm4.swift; sourceTree = "<group>"; };
		DC628D1C2A9C8F7C0058D178 /* SwiftUIForm5.swift */ = {isa = PBXFileReference; lastKnownFileType = sourcecode.swift; path = SwiftUIForm5.swift; sourceTree = "<group>"; };
		DC628D1E2A9C8FD00058D178 /* SwiftUIForm.swift */ = {isa = PBXFileReference; lastKnownFileType = sourcecode.swift; path = SwiftUIForm.swift; sourceTree = "<group>"; };
		DC628D222A9C90190058D178 /* SwiftUIPickerView.swift */ = {isa = PBXFileReference; lastKnownFileType = sourcecode.swift; path = SwiftUIPickerView.swift; sourceTree = "<group>"; };
		DC628D242A9C90DA0058D178 /* SwiftUIStepperView.swift */ = {isa = PBXFileReference; lastKnownFileType = sourcecode.swift; path = SwiftUIStepperView.swift; sourceTree = "<group>"; };
		DC628D262A9C918D0058D178 /* ColorCardView.swift */ = {isa = PBXFileReference; lastKnownFileType = sourcecode.swift; path = ColorCardView.swift; sourceTree = "<group>"; };
		DC628D282A9C92970058D178 /* SwiftUISliderView.swift */ = {isa = PBXFileReference; lastKnownFileType = sourcecode.swift; path = SwiftUISliderView.swift; sourceTree = "<group>"; };
		DC628D2B2A9C930D0058D178 /* ColorToString.swift */ = {isa = PBXFileReference; lastKnownFileType = sourcecode.swift; path = ColorToString.swift; sourceTree = "<group>"; };
		DC628D2D2A9C93800058D178 /* SwiftUIColorPickerView.swift */ = {isa = PBXFileReference; lastKnownFileType = sourcecode.swift; path = SwiftUIColorPickerView.swift; sourceTree = "<group>"; };
/* End PBXFileReference section */

/* Begin PBXFrameworksBuildPhase section */
		DC628D012A9C8D370058D178 /* Frameworks */ = {
			isa = PBXFrameworksBuildPhase;
			buildActionMask = 2147483647;
			files = (
			);
			runOnlyForDeploymentPostprocessing = 0;
		};
/* End PBXFrameworksBuildPhase section */

/* Begin PBXGroup section */
		DC628CFB2A9C8D370058D178 = {
			isa = PBXGroup;
			children = (
				DC628D062A9C8D370058D178 /* Chapter11 */,
				DC628D052A9C8D370058D178 /* Products */,
			);
			sourceTree = "<group>";
		};
		DC628D052A9C8D370058D178 /* Products */ = {
			isa = PBXGroup;
			children = (
				DC628D042A9C8D370058D178 /* Chapter11.app */,
			);
			name = Products;
			sourceTree = "<group>";
		};
		DC628D062A9C8D370058D178 /* Chapter11 */ = {
			isa = PBXGroup;
			children = (
				DC628D072A9C8D370058D178 /* Chapter11App.swift */,
				DC628D092A9C8D370058D178 /* ContentView.swift */,
				DC628D2A2A9C93000058D178 /* SupportFile */,
				DC628D202A9C8FF80058D178 /* SwiftUIForm */,
				DC628D212A9C90010058D178 /* View */,
				DC628D0B2A9C8D380058D178 /* Assets.xcassets */,
				DC628D0D2A9C8D380058D178 /* Chapter11.entitlements */,
				DC628D0E2A9C8D380058D178 /* Preview Content */,
			);
			path = Chapter11;
			sourceTree = "<group>";
		};
		DC628D0E2A9C8D380058D178 /* Preview Content */ = {
			isa = PBXGroup;
			children = (
				DC628D0F2A9C8D380058D178 /* Preview Assets.xcassets */,
			);
			path = "Preview Content";
			sourceTree = "<group>";
		};
		DC628D202A9C8FF80058D178 /* SwiftUIForm */ = {
			isa = PBXGroup;
			children = (
				DC628D1E2A9C8FD00058D178 /* SwiftUIForm.swift */,
				DC628D162A9C8DE90058D178 /* SwiftUIForm2.swift */,
				DC628D182A9C8EA00058D178 /* SwiftUIForm3.swift */,
				DC628D1A2A9C8EBB0058D178 /* SwiftUIForm4.swift */,
				DC628D1C2A9C8F7C0058D178 /* SwiftUIForm5.swift */,
			);
			path = SwiftUIForm;
			sourceTree = "<group>";
		};
		DC628D212A9C90010058D178 /* View */ = {
			isa = PBXGroup;
			children = (
				DC628D222A9C90190058D178 /* SwiftUIPickerView.swift */,
				DC628D242A9C90DA0058D178 /* SwiftUIStepperView.swift */,
				DC628D282A9C92970058D178 /* SwiftUISliderView.swift */,
				DC628D262A9C918D0058D178 /* ColorCardView.swift */,
				DC628D2D2A9C93800058D178 /* SwiftUIColorPickerView.swift */,
			);
			path = View;
			sourceTree = "<group>";
		};
		DC628D2A2A9C93000058D178 /* SupportFile */ = {
			isa = PBXGroup;
			children = (
				DC628D2B2A9C930D0058D178 /* ColorToString.swift */,
			);
			path = SupportFile;
			sourceTree = "<group>";
		};
/* End PBXGroup section */

/* Begin PBXNativeTarget section */
		DC628D032A9C8D370058D178 /* Chapter11 */ = {
			isa = PBXNativeTarget;
			buildConfigurationList = DC628D132A9C8D380058D178 /* Build configuration list for PBXNativeTarget "Chapter11" */;
			buildPhases = (
				DC628D002A9C8D370058D178 /* Sources */,
				DC628D012A9C8D370058D178 /* Frameworks */,
				DC628D022A9C8D370058D178 /* Resources */,
			);
			buildRules = (
			);
			dependencies = (
			);
			name = Chapter11;
			productName = Chapter11;
			productReference = DC628D042A9C8D370058D178 /* Chapter11.app */;
			productType = "com.apple.product-type.application";
		};
/* End PBXNativeTarget section */

/* Begin PBXProject section */
		DC628CFC2A9C8D370058D178 /* Project object */ = {
			isa = PBXProject;
			attributes = {
				BuildIndependentTargetsInParallel = 1;
				LastSwiftUpdateCheck = 1430;
				LastUpgradeCheck = 1430;
				TargetAttributes = {
					DC628D032A9C8D370058D178 = {
						CreatedOnToolsVersion = 14.3.1;
					};
				};
			};
			buildConfigurationList = DC628CFF2A9C8D370058D178 /* Build configuration list for PBXProject "Chapter11" */;
			compatibilityVersion = "Xcode 14.0";
			developmentRegion = en;
			hasScannedForEncodings = 0;
			knownRegions = (
				en,
				Base,
			);
			mainGroup = DC628CFB2A9C8D370058D178;
			productRefGroup = DC628D052A9C8D370058D178 /* Products */;
			projectDirPath = "";
			projectRoot = "";
			targets = (
				DC628D032A9C8D370058D178 /* Chapter11 */,
			);
		};
/* End PBXProject section */

/* Begin PBXResourcesBuildPhase section */
		DC628D022A9C8D370058D178 /* Resources */ = {
			isa = PBXResourcesBuildPhase;
			buildActionMask = 2147483647;
			files = (
				DC628D102A9C8D380058D178 /* Preview Assets.xcassets in Resources */,
				DC628D0C2A9C8D380058D178 /* Assets.xcassets in Resources */,
			);
			runOnlyForDeploymentPostprocessing = 0;
		};
/* End PBXResourcesBuildPhase section */

/* Begin PBXSourcesBuildPhase section */
		DC628D002A9C8D370058D178 /* Sources */ = {
			isa = PBXSourcesBuildPhase;
			buildActionMask = 2147483647;
			files = (
				DC628D172A9C8DE90058D178 /* SwiftUIForm2.swift in Sources */,
				DC628D0A2A9C8D370058D178 /* ContentView.swift in Sources */,
				DC628D082A9C8D370058D178 /* Chapter11App.swift in Sources */,
				DC628D1D2A9C8F7C0058D178 /* SwiftUIForm5.swift in Sources */,
				DC628D2E2A9C93800058D178 /* SwiftUIColorPickerView.swift in Sources */,
				DC628D1F2A9C8FD00058D178 /* SwiftUIForm.swift in Sources */,
				DC628D192A9C8EA00058D178 /* SwiftUIForm3.swift in Sources */,
				DC628D232A9C90190058D178 /* SwiftUIPickerView.swift in Sources */,
				DC628D252A9C90DA0058D178 /* SwiftUIStepperView.swift in Sources */,
				DC628D272A9C918D0058D178 /* ColorCardView.swift in Sources */,
				DC628D1B2A9C8EBB0058D178 /* SwiftUIForm4.swift in Sources */,
				DC628D292A9C92970058D178 /* SwiftUISliderView.swift in Sources */,
				DC628D2C2A9C930D0058D178 /* ColorToString.swift in Sources */,
			);
			runOnlyForDeploymentPostprocessing = 0;
		};
/* End PBXSourcesBuildPhase section */

/* Begin XCBuildConfiguration section */
		DC628D112A9C8D380058D178 /* Debug */ = {
			isa = XCBuildConfiguration;
			buildSettings = {
				ALWAYS_SEARCH_USER_PATHS = NO;
				CLANG_ANALYZER_NONNULL = YES;
				CLANG_ANALYZER_NUMBER_OBJECT_CONVERSION = YES_AGGRESSIVE;
				CLANG_CXX_LANGUAGE_STANDARD = "gnu++20";
				CLANG_ENABLE_MODULES = YES;
				CLANG_ENABLE_OBJC_ARC = YES;
				CLANG_ENABLE_OBJC_WEAK = YES;
				CLANG_WARN_BLOCK_CAPTURE_AUTORELEASING = YES;
				CLANG_WARN_BOOL_CONVERSION = YES;
				CLANG_WARN_COMMA = YES;
				CLANG_WARN_CONSTANT_CONVERSION = YES;
				CLANG_WARN_DEPRECATED_OBJC_IMPLEMENTATIONS = YES;
				CLANG_WARN_DIRECT_OBJC_ISA_USAGE = YES_ERROR;
				CLANG_WARN_DOCUMENTATION_COMMENTS = YES;
				CLANG_WARN_EMPTY_BODY = YES;
				CLANG_WARN_ENUM_CONVERSION = YES;
				CLANG_WARN_INFINITE_RECURSION = YES;
				CLANG_WARN_INT_CONVERSION = YES;
				CLANG_WARN_NON_LITERAL_NULL_CONVERSION = YES;
				CLANG_WARN_OBJC_IMPLICIT_RETAIN_SELF = YES;
				CLANG_WARN_OBJC_LITERAL_CONVERSION = YES;
				CLANG_WARN_OBJC_ROOT_CLASS = YES_ERROR;
				CLANG_WARN_QUOTED_INCLUDE_IN_FRAMEWORK_HEADER = YES;
				CLANG_WARN_RANGE_LOOP_ANALYSIS = YES;
				CLANG_WARN_STRICT_PROTOTYPES = YES;
				CLANG_WARN_SUSPICIOUS_MOVE = YES;
				CLANG_WARN_UNGUARDED_AVAILABILITY = YES_AGGRESSIVE;
				CLANG_WARN_UNREACHABLE_CODE = YES;
				CLANG_WARN__DUPLICATE_METHOD_MATCH = YES;
				COPY_PHASE_STRIP = NO;
				DEBUG_INFORMATION_FORMAT = dwarf;
				ENABLE_STRICT_OBJC_MSGSEND = YES;
				ENABLE_TESTABILITY = YES;
				GCC_C_LANGUAGE_STANDARD = gnu11;
				GCC_DYNAMIC_NO_PIC = NO;
				GCC_NO_COMMON_BLOCKS = YES;
				GCC_OPTIMIZATION_LEVEL = 0;
				GCC_PREPROCESSOR_DEFINITIONS = (
					"DEBUG=1",
					"$(inherited)",
				);
				GCC_WARN_64_TO_32_BIT_CONVERSION = YES;
				GCC_WARN_ABOUT_RETURN_TYPE = YES_ERROR;
				GCC_WARN_UNDECLARED_SELECTOR = YES;
				GCC_WARN_UNINITIALIZED_AUTOS = YES_AGGRESSIVE;
				GCC_WARN_UNUSED_FUNCTION = YES;
				GCC_WARN_UNUSED_VARIABLE = YES;
				MTL_ENABLE_DEBUG_INFO = INCLUDE_SOURCE;
				MTL_FAST_MATH = YES;
				ONLY_ACTIVE_ARCH = YES;
				SWIFT_ACTIVE_COMPILATION_CONDITIONS = DEBUG;
				SWIFT_OPTIMIZATION_LEVEL = "-Onone";
			};
			name = Debug;
		};
		DC628D122A9C8D380058D178 /* Release */ = {
			isa = XCBuildConfiguration;
			buildSettings = {
				ALWAYS_SEARCH_USER_PATHS = NO;
				CLANG_ANALYZER_NONNULL = YES;
				CLANG_ANALYZER_NUMBER_OBJECT_CONVERSION = YES_AGGRESSIVE;
				CLANG_CXX_LANGUAGE_STANDARD = "gnu++20";
				CLANG_ENABLE_MODULES = YES;
				CLANG_ENABLE_OBJC_ARC = YES;
				CLANG_ENABLE_OBJC_WEAK = YES;
				CLANG_WARN_BLOCK_CAPTURE_AUTORELEASING = YES;
				CLANG_WARN_BOOL_CONVERSION = YES;
				CLANG_WARN_COMMA = YES;
				CLANG_WARN_CONSTANT_CONVERSION = YES;
				CLANG_WARN_DEPRECATED_OBJC_IMPLEMENTATIONS = YES;
				CLANG_WARN_DIRECT_OBJC_ISA_USAGE = YES_ERROR;
				CLANG_WARN_DOCUMENTATION_COMMENTS = YES;
				CLANG_WARN_EMPTY_BODY = YES;
				CLANG_WARN_ENUM_CONVERSION = YES;
				CLANG_WARN_INFINITE_RECURSION = YES;
				CLANG_WARN_INT_CONVERSION = YES;
				CLANG_WARN_NON_LITERAL_NULL_CONVERSION = YES;
				CLANG_WARN_OBJC_IMPLICIT_RETAIN_SELF = YES;
				CLANG_WARN_OBJC_LITERAL_CONVERSION = YES;
				CLANG_WARN_OBJC_ROOT_CLASS = YES_ERROR;
				CLANG_WARN_QUOTED_INCLUDE_IN_FRAMEWORK_HEADER = YES;
				CLANG_WARN_RANGE_LOOP_ANALYSIS = YES;
				CLANG_WARN_STRICT_PROTOTYPES = YES;
				CLANG_WARN_SUSPICIOUS_MOVE = YES;
				CLANG_WARN_UNGUARDED_AVAILABILITY = YES_AGGRESSIVE;
				CLANG_WARN_UNREACHABLE_CODE = YES;
				CLANG_WARN__DUPLICATE_METHOD_MATCH = YES;
				COPY_PHASE_STRIP = NO;
				DEBUG_INFORMATION_FORMAT = "dwarf-with-dsym";
				ENABLE_NS_ASSERTIONS = NO;
				ENABLE_STRICT_OBJC_MSGSEND = YES;
				GCC_C_LANGUAGE_STANDARD = gnu11;
				GCC_NO_COMMON_BLOCKS = YES;
				GCC_WARN_64_TO_32_BIT_CONVERSION = YES;
				GCC_WARN_ABOUT_RETURN_TYPE = YES_ERROR;
				GCC_WARN_UNDECLARED_SELECTOR = YES;
				GCC_WARN_UNINITIALIZED_AUTOS = YES_AGGRESSIVE;
				GCC_WARN_UNUSED_FUNCTION = YES;
				GCC_WARN_UNUSED_VARIABLE = YES;
				MTL_ENABLE_DEBUG_INFO = NO;
				MTL_FAST_MATH = YES;
				SWIFT_COMPILATION_MODE = wholemodule;
				SWIFT_OPTIMIZATION_LEVEL = "-O";
			};
			name = Release;
		};
		DC628D142A9C8D380058D178 /* Debug */ = {
			isa = XCBuildConfiguration;
			buildSettings = {
				ASSETCATALOG_COMPILER_APPICON_NAME = AppIcon;
				ASSETCATALOG_COMPILER_GLOBAL_ACCENT_COLOR_NAME = AccentColor;
				CODE_SIGN_ENTITLEMENTS = Chapter11/Chapter11.entitlements;
				CODE_SIGN_STYLE = Automatic;
				CURRENT_PROJECT_VERSION = 1;
				DEVELOPMENT_ASSET_PATHS = "\"Chapter11/Preview Content\"";
				DEVELOPMENT_TEAM = 7VK544DU3W;
				ENABLE_HARDENED_RUNTIME = YES;
				ENABLE_PREVIEWS = YES;
				GENERATE_INFOPLIST_FILE = YES;
				"INFOPLIST_KEY_UIApplicationSceneManifest_Generation[sdk=iphoneos*]" = YES;
				"INFOPLIST_KEY_UIApplicationSceneManifest_Generation[sdk=iphonesimulator*]" = YES;
				"INFOPLIST_KEY_UIApplicationSupportsIndirectInputEvents[sdk=iphoneos*]" = YES;
				"INFOPLIST_KEY_UIApplicationSupportsIndirectInputEvents[sdk=iphonesimulator*]" = YES;
				"INFOPLIST_KEY_UILaunchScreen_Generation[sdk=iphoneos*]" = YES;
				"INFOPLIST_KEY_UILaunchScreen_Generation[sdk=iphonesimulator*]" = YES;
				"INFOPLIST_KEY_UIStatusBarStyle[sdk=iphoneos*]" = UIStatusBarStyleDefault;
				"INFOPLIST_KEY_UIStatusBarStyle[sdk=iphonesimulator*]" = UIStatusBarStyleDefault;
				INFOPLIST_KEY_UISupportedInterfaceOrientations_iPad = "UIInterfaceOrientationPortrait UIInterfaceOrientationPortraitUpsideDown UIInterfaceOrientationLandscapeLeft UIInterfaceOrientationLandscapeRight";
				INFOPLIST_KEY_UISupportedInterfaceOrientations_iPhone = "UIInterfaceOrientationPortrait UIInterfaceOrientationLandscapeLeft UIInterfaceOrientationLandscapeRight";
				IPHONEOS_DEPLOYMENT_TARGET = 16.4;
				LD_RUNPATH_SEARCH_PATHS = "@executable_path/Frameworks";
				"LD_RUNPATH_SEARCH_PATHS[sdk=macosx*]" = "@executable_path/../Frameworks";
				MACOSX_DEPLOYMENT_TARGET = 13.3;
				MARKETING_VERSION = 1.0;
				PRODUCT_BUNDLE_IDENTIFIER = com.lzw.Chapter11;
				PRODUCT_NAME = "$(TARGET_NAME)";
				SDKROOT = auto;
				SUPPORTED_PLATFORMS = "iphoneos iphonesimulator macosx";
				SWIFT_EMIT_LOC_STRINGS = YES;
				SWIFT_VERSION = 5.0;
				TARGETED_DEVICE_FAMILY = "1,2";
			};
			name = Debug;
		};
		DC628D152A9C8D380058D178 /* Release */ = {
			isa = XCBuildConfiguration;
			buildSettings = {
				ASSETCATALOG_COMPILER_APPICON_NAME = AppIcon;
				ASSETCATALOG_COMPILER_GLOBAL_ACCENT_COLOR_NAME = AccentColor;
				CODE_SIGN_ENTITLEMENTS = Chapter11/Chapter11.entitlements;
				CODE_SIGN_STYLE = Automatic;
				CURRENT_PROJECT_VERSION = 1;
				DEVELOPMENT_ASSET_PATHS = "\"Chapter11/Preview Content\"";
				DEVELOPMENT_TEAM = 7VK544DU3W;
				ENABLE_HARDENED_RUNTIME = YES;
				ENABLE_PREVIEWS = YES;
				GENERATE_INFOPLIST_FILE = YES;
				"INFOPLIST_KEY_UIApplicationSceneManifest_Generation[sdk=iphoneos*]" = YES;
				"INFOPLIST_KEY_UIApplicationSceneManifest_Generation[sdk=iphonesimulator*]" = YES;
				"INFOPLIST_KEY_UIApplicationSupportsIndirectInputEvents[sdk=iphoneos*]" = YES;
				"INFOPLIST_KEY_UIApplicationSupportsIndirectInputEvents[sdk=iphonesimulator*]" = YES;
				"INFOPLIST_KEY_UILaunchScreen_Generation[sdk=iphoneos*]" = YES;
				"INFOPLIST_KEY_UILaunchScreen_Generation[sdk=iphonesimulator*]" = YES;
				"INFOPLIST_KEY_UIStatusBarStyle[sdk=iphoneos*]" = UIStatusBarStyleDefault;
				"INFOPLIST_KEY_UIStatusBarStyle[sdk=iphonesimulator*]" = UIStatusBarStyleDefault;
				INFOPLIST_KEY_UISupportedInterfaceOrientations_iPad = "UIInterfaceOrientationPortrait UIInterfaceOrientationPortraitUpsideDown UIInterfaceOrientationLandscapeLeft UIInterfaceOrientationLandscapeRight";
				INFOPLIST_KEY_UISupportedInterfaceOrientations_iPhone = "UIInterfaceOrientationPortrait UIInterfaceOrientationLandscapeLeft UIInterfaceOrientationLandscapeRight";
				IPHONEOS_DEPLOYMENT_TARGET = 16.4;
				LD_RUNPATH_SEARCH_PATHS = "@executable_path/Frameworks";
				"LD_RUNPATH_SEARCH_PATHS[sdk=macosx*]" = "@executable_path/../Frameworks";
				MACOSX_DEPLOYMENT_TARGET = 13.3;
				MARKETING_VERSION = 1.0;
				PRODUCT_BUNDLE_IDENTIFIER = com.lzw.Chapter11;
				PRODUCT_NAME = "$(TARGET_NAME)";
				SDKROOT = auto;
				SUPPORTED_PLATFORMS = "iphoneos iphonesimulator macosx";
				SWIFT_EMIT_LOC_STRINGS = YES;
				SWIFT_VERSION = 5.0;
				TARGETED_DEVICE_FAMILY = "1,2";
			};
			name = Release;
		};
/* End XCBuildConfiguration section */

/* Begin XCConfigurationList section */
		DC628CFF2A9C8D370058D178 /* Build configuration list for PBXProject "Chapter11" */ = {
			isa = XCConfigurationList;
			buildConfigurations = (
				DC628D112A9C8D380058D178 /* Debug */,
				DC628D122A9C8D380058D178 /* Release */,
			);
			defaultConfigurationIsVisible = 0;
			defaultConfigurationName = Release;
		};
		DC628D132A9C8D380058D178 /* Build configuration list for PBXNativeTarget "Chapter11" */ = {
			isa = XCConfigurationList;
			buildConfigurations = (
				DC628D142A9C8D380058D178 /* Debug */,
				DC628D152A9C8D380058D178 /* Release */,
			);
			defaultConfigurationIsVisible = 0;
			defaultConfigurationName = Release;
		};
/* End XCConfigurationList section */
	};
	rootObject = DC628CFC2A9C8D370058D178 /* Project object */;
}
